// !$*UTF8*$!
{
	archiveVersion = 1;
	classes = {
	};
	objectVersion = 48;
	objects = {

/* Begin PBXBuildFile section */
		0701F4A71FDE7B240093DD99 /* redPoint@2x.png in Resources */ = {isa = PBXBuildFile; fileRef = 0701F4A61FDE7B240093DD99 /* redPoint@2x.png */; };
		0701F4A91FDE7D010093DD99 /* ani.gif in Resources */ = {isa = PBXBuildFile; fileRef = 0701F4A81FDE7D010093DD99 /* ani.gif */; };
		0701F4B51FDF71EA0093DD99 /* CDTabBarItem.m in Sources */ = {isa = PBXBuildFile; fileRef = 0701F4B41FDF71EA0093DD99 /* CDTabBarItem.m */; };
		0701F4B81FDF75E70093DD99 /* CDTabBar.m in Sources */ = {isa = PBXBuildFile; fileRef = 0701F4B71FDF75E70093DD99 /* CDTabBar.m */; };
		0701F4BB1FDF77930093DD99 /* CDTabBarController.m in Sources */ = {isa = PBXBuildFile; fileRef = 0701F4BA1FDF77930093DD99 /* CDTabBarController.m */; };
		0701F4BE1FDF77B60093DD99 /* CDTabBarConfig.m in Sources */ = {isa = PBXBuildFile; fileRef = 0701F4BD1FDF77B60093DD99 /* CDTabBarConfig.m */; };
		07CF364C1FDE6CFE002774B1 /* AppDelegate.m in Sources */ = {isa = PBXBuildFile; fileRef = 07CF364B1FDE6CFE002774B1 /* AppDelegate.m */; };
		07CF364F1FDE6CFE002774B1 /* ViewController.m in Sources */ = {isa = PBXBuildFile; fileRef = 07CF364E1FDE6CFE002774B1 /* ViewController.m */; };
		07CF36521FDE6CFE002774B1 /* Main.storyboard in Resources */ = {isa = PBXBuildFile; fileRef = 07CF36501FDE6CFE002774B1 /* Main.storyboard */; };
		07CF36541FDE6CFE002774B1 /* Assets.xcassets in Resources */ = {isa = PBXBuildFile; fileRef = 07CF36531FDE6CFE002774B1 /* Assets.xcassets */; };
		07CF36571FDE6CFE002774B1 /* LaunchScreen.storyboard in Resources */ = {isa = PBXBuildFile; fileRef = 07CF36551FDE6CFE002774B1 /* LaunchScreen.storyboard */; };
		07CF365A1FDE6CFE002774B1 /* main.m in Sources */ = {isa = PBXBuildFile; fileRef = 07CF36591FDE6CFE002774B1 /* main.m */; };
		83A9AE8227EBC111DE23E967 /* libPods-GifDemo.a in Frameworks */ = {isa = PBXBuildFile; fileRef = 34530CB6FFEF3677EF5BD03B /* libPods-GifDemo.a */; };
/* End PBXBuildFile section */

/* Begin PBXFileReference section */
		0701F4A61FDE7B240093DD99 /* redPoint@2x.png */ = {isa = PBXFileReference; lastKnownFileType = image.png; path = "redPoint@2x.png"; sourceTree = "<group>"; };
		0701F4A81FDE7D010093DD99 /* ani.gif */ = {isa = PBXFileReference; lastKnownFileType = image.gif; path = ani.gif; sourceTree = "<group>"; };
		0701F4B31FDF71EA0093DD99 /* CDTabBarItem.h */ = {isa = PBXFileReference; lastKnownFileType = sourcecode.c.h; path = CDTabBarItem.h; sourceTree = "<group>"; };
		0701F4B41FDF71EA0093DD99 /* CDTabBarItem.m */ = {isa = PBXFileReference; lastKnownFileType = sourcecode.c.objc; path = CDTabBarItem.m; sourceTree = "<group>"; };
		0701F4B61FDF75E70093DD99 /* CDTabBar.h */ = {isa = PBXFileReference; lastKnownFileType = sourcecode.c.h; path = CDTabBar.h; sourceTree = "<group>"; };
		0701F4B71FDF75E70093DD99 /* CDTabBar.m */ = {isa = PBXFileReference; lastKnownFileType = sourcecode.c.objc; path = CDTabBar.m; sourceTree = "<group>"; };
		0701F4B91FDF77930093DD99 /* CDTabBarController.h */ = {isa = PBXFileReference; lastKnownFileType = sourcecode.c.h; path = CDTabBarController.h; sourceTree = "<group>"; };
		0701F4BA1FDF77930093DD99 /* CDTabBarController.m */ = {isa = PBXFileReference; lastKnownFileType = sourcecode.c.objc; path = CDTabBarController.m; sourceTree = "<group>"; };
		0701F4BC1FDF77B60093DD99 /* CDTabBarConfig.h */ = {isa = PBXFileReference; lastKnownFileType = sourcecode.c.h; path = CDTabBarConfig.h; sourceTree = "<group>"; };
		0701F4BD1FDF77B60093DD99 /* CDTabBarConfig.m */ = {isa = PBXFileReference; lastKnownFileType = sourcecode.c.objc; path = CDTabBarConfig.m; sourceTree = "<group>"; };
		07CF36471FDE6CFE002774B1 /* GifDemo.app */ = {isa = PBXFileReference; explicitFileType = wrapper.application; includeInIndex = 0; path = GifDemo.app; sourceTree = BUILT_PRODUCTS_DIR; };
		07CF364A1FDE6CFE002774B1 /* AppDelegate.h */ = {isa = PBXFileReference; lastKnownFileType = sourcecode.c.h; path = AppDelegate.h; sourceTree = "<group>"; };
		07CF364B1FDE6CFE002774B1 /* AppDelegate.m */ = {isa = PBXFileReference; lastKnownFileType = sourcecode.c.objc; path = AppDelegate.m; sourceTree = "<group>"; };
		07CF364D1FDE6CFE002774B1 /* ViewController.h */ = {isa = PBXFileReference; lastKnownFileType = sourcecode.c.h; path = ViewController.h; sourceTree = "<group>"; };
		07CF364E1FDE6CFE002774B1 /* ViewController.m */ = {isa = PBXFileReference; lastKnownFileType = sourcecode.c.objc; path = ViewController.m; sourceTree = "<group>"; };
		07CF36511FDE6CFE002774B1 /* Base */ = {isa = PBXFileReference; lastKnownFileType = file.storyboard; name = Base; path = Base.lproj/Main.storyboard; sourceTree = "<group>"; };
		07CF36531FDE6CFE002774B1 /* Assets.xcassets */ = {isa = PBXFileReference; lastKnownFileType = folder.assetcatalog; path = Assets.xcassets; sourceTree = "<group>"; };
		07CF36561FDE6CFE002774B1 /* Base */ = {isa = PBXFileReference; lastKnownFileType = file.storyboard; name = Base; path = Base.lproj/LaunchScreen.storyboard; sourceTree = "<group>"; };
		07CF36581FDE6CFE002774B1 /* Info.plist */ = {isa = PBXFileReference; lastKnownFileType = text.plist.xml; path = Info.plist; sourceTree = "<group>"; };
		07CF36591FDE6CFE002774B1 /* main.m */ = {isa = PBXFileReference; lastKnownFileType = sourcecode.c.objc; path = main.m; sourceTree = "<group>"; };
		34530CB6FFEF3677EF5BD03B /* libPods-GifDemo.a */ = {isa = PBXFileReference; explicitFileType = archive.ar; includeInIndex = 0; path = "libPods-GifDemo.a"; sourceTree = BUILT_PRODUCTS_DIR; };
		598C5D51A3AFEA3610B13CBE /* Pods-GifDemo.debug.xcconfig */ = {isa = PBXFileReference; includeInIndex = 1; lastKnownFileType = text.xcconfig; name = "Pods-GifDemo.debug.xcconfig"; path = "Pods/Target Support Files/Pods-GifDemo/Pods-GifDemo.debug.xcconfig"; sourceTree = "<group>"; };
		BE74AA58639651A05419D205 /* Pods-GifDemo.release.xcconfig */ = {isa = PBXFileReference; includeInIndex = 1; lastKnownFileType = text.xcconfig; name = "Pods-GifDemo.release.xcconfig"; path = "Pods/Target Support Files/Pods-GifDemo/Pods-GifDemo.release.xcconfig"; sourceTree = "<group>"; };
/* End PBXFileReference section */

/* Begin PBXFrameworksBuildPhase section */
		07CF36441FDE6CFE002774B1 /* Frameworks */ = {
			isa = PBXFrameworksBuildPhase;
			buildActionMask = 2147483647;
			files = (
				83A9AE8227EBC111DE23E967 /* libPods-GifDemo.a in Frameworks */,
			);
			runOnlyForDeploymentPostprocessing = 0;
		};
/* End PBXFrameworksBuildPhase section */

/* Begin PBXGroup section */
		07CF363E1FDE6CFE002774B1 = {
			isa = PBXGroup;
			children = (
				07CF36491FDE6CFE002774B1 /* GifDemo */,
				07CF36481FDE6CFE002774B1 /* Products */,
				18815A99A05EAEC72B3279C0 /* Pods */,
				E287DD64D0A05497BC60C0FF /* Frameworks */,
			);
			sourceTree = "<group>";
		};
		07CF36481FDE6CFE002774B1 /* Products */ = {
			isa = PBXGroup;
			children = (
				07CF36471FDE6CFE002774B1 /* GifDemo.app */,
			);
			name = Products;
			sourceTree = "<group>";
		};
		07CF36491FDE6CFE002774B1 /* GifDemo */ = {
			isa = PBXGroup;
			children = (
				07CF364A1FDE6CFE002774B1 /* AppDelegate.h */,
				07CF364B1FDE6CFE002774B1 /* AppDelegate.m */,
				07CF364D1FDE6CFE002774B1 /* ViewController.h */,
				07CF364E1FDE6CFE002774B1 /* ViewController.m */,
				07CF36501FDE6CFE002774B1 /* Main.storyboard */,
				07CF36531FDE6CFE002774B1 /* Assets.xcassets */,
				07CF36551FDE6CFE002774B1 /* LaunchScreen.storyboard */,
				07CF36581FDE6CFE002774B1 /* Info.plist */,
				07CF36591FDE6CFE002774B1 /* main.m */,
				0701F4A81FDE7D010093DD99 /* ani.gif */,
				0701F4A61FDE7B240093DD99 /* redPoint@2x.png */,
				0701F4B31FDF71EA0093DD99 /* CDTabBarItem.h */,
				0701F4B41FDF71EA0093DD99 /* CDTabBarItem.m */,
				0701F4B61FDF75E70093DD99 /* CDTabBar.h */,
				0701F4B71FDF75E70093DD99 /* CDTabBar.m */,
				0701F4B91FDF77930093DD99 /* CDTabBarController.h */,
				0701F4BA1FDF77930093DD99 /* CDTabBarController.m */,
				0701F4BC1FDF77B60093DD99 /* CDTabBarConfig.h */,
				0701F4BD1FDF77B60093DD99 /* CDTabBarConfig.m */,
			);
			path = GifDemo;
			sourceTree = "<group>";
		};
		18815A99A05EAEC72B3279C0 /* Pods */ = {
			isa = PBXGroup;
			children = (
				598C5D51A3AFEA3610B13CBE /* Pods-GifDemo.debug.xcconfig */,
				BE74AA58639651A05419D205 /* Pods-GifDemo.release.xcconfig */,
			);
			name = Pods;
			sourceTree = "<group>";
		};
		E287DD64D0A05497BC60C0FF /* Frameworks */ = {
			isa = PBXGroup;
			children = (
				34530CB6FFEF3677EF5BD03B /* libPods-GifDemo.a */,
			);
			name = Frameworks;
			sourceTree = "<group>";
		};
/* End PBXGroup section */

/* Begin PBXNativeTarget section */
		07CF36461FDE6CFE002774B1 /* GifDemo */ = {
			isa = PBXNativeTarget;
			buildConfigurationList = 07CF365D1FDE6CFE002774B1 /* Build configuration list for PBXNativeTarget "GifDemo" */;
			buildPhases = (
				5BC14E9684F3DCE24387DA76 /* [CP] Check Pods Manifest.lock */,
				07CF36431FDE6CFE002774B1 /* Sources */,
				07CF36441FDE6CFE002774B1 /* Frameworks */,
				07CF36451FDE6CFE002774B1 /* Resources */,
				3DBEBF998B3D8684071A7067 /* [CP] Embed Pods Frameworks */,
				D33F11D4FB2DCE9221DF09C2 /* [CP] Copy Pods Resources */,
			);
			buildRules = (
			);
			dependencies = (
			);
			name = GifDemo;
			productName = GifDemo;
			productReference = 07CF36471FDE6CFE002774B1 /* GifDemo.app */;
			productType = "com.apple.product-type.application";
		};
/* End PBXNativeTarget section */

/* Begin PBXProject section */
		07CF363F1FDE6CFE002774B1 /* Project object */ = {
			isa = PBXProject;
			attributes = {
				LastUpgradeCheck = 0910;
				ORGANIZATIONNAME = chendan;
				TargetAttributes = {
					07CF36461FDE6CFE002774B1 = {
						CreatedOnToolsVersion = 9.1;
						ProvisioningStyle = Automatic;
					};
				};
			};
			buildConfigurationList = 07CF36421FDE6CFE002774B1 /* Build configuration list for PBXProject "GifDemo" */;
			compatibilityVersion = "Xcode 8.0";
			developmentRegion = en;
			hasScannedForEncodings = 0;
			knownRegions = (
				en,
				Base,
			);
			mainGroup = 07CF363E1FDE6CFE002774B1;
			productRefGroup = 07CF36481FDE6CFE002774B1 /* Products */;
			projectDirPath = "";
			projectRoot = "";
			targets = (
				07CF36461FDE6CFE002774B1 /* GifDemo */,
			);
		};
/* End PBXProject section */

/* Begin PBXResourcesBuildPhase section */
		07CF36451FDE6CFE002774B1 /* Resources */ = {
			isa = PBXResourcesBuildPhase;
			buildActionMask = 2147483647;
			files = (
				0701F4A91FDE7D010093DD99 /* ani.gif in Resources */,
				0701F4A71FDE7B240093DD99 /* redPoint@2x.png in Resources */,
				07CF36571FDE6CFE002774B1 /* LaunchScreen.storyboard in Resources */,
				07CF36541FDE6CFE002774B1 /* Assets.xcassets in Resources */,
				07CF36521FDE6CFE002774B1 /* Main.storyboard in Resources */,
			);
			runOnlyForDeploymentPostprocessing = 0;
		};
/* End PBXResourcesBuildPhase section */

/* Begin PBXShellScriptBuildPhase section */
		3DBEBF998B3D8684071A7067 /* [CP] Embed Pods Frameworks */ = {
			isa = PBXShellScriptBuildPhase;
			buildActionMask = 2147483647;
			files = (
			);
			inputPaths = (
			);
			name = "[CP] Embed Pods Frameworks";
			outputPaths = (
			);
			runOnlyForDeploymentPostprocessing = 0;
			shellPath = /bin/sh;
			shellScript = "\"${SRCROOT}/Pods/Target Support Files/Pods-GifDemo/Pods-GifDemo-frameworks.sh\"\n";
			showEnvVarsInLog = 0;
		};
		5BC14E9684F3DCE24387DA76 /* [CP] Check Pods Manifest.lock */ = {
			isa = PBXShellScriptBuildPhase;
			buildActionMask = 2147483647;
			files = (
			);
			inputPaths = (
			);
			name = "[CP] Check Pods Manifest.lock";
			outputPaths = (
			);
			runOnlyForDeploymentPostprocessing = 0;
			shellPath = /bin/sh;
			shellScript = "diff \"${PODS_ROOT}/../Podfile.lock\" \"${PODS_ROOT}/Manifest.lock\" > /dev/null\nif [ $? != 0 ] ; then\n    # print error to STDERR\n    echo \"error: The sandbox is not in sync with the Podfile.lock. Run 'pod install' or update your CocoaPods installation.\" >&2\n    exit 1\nfi\n";
			showEnvVarsInLog = 0;
		};
		D33F11D4FB2DCE9221DF09C2 /* [CP] Copy Pods Resources */ = {
			isa = PBXShellScriptBuildPhase;
			buildActionMask = 2147483647;
			files = (
			);
			inputPaths = (
			);
			name = "[CP] Copy Pods Resources";
			outputPaths = (
			);
			runOnlyForDeploymentPostprocessing = 0;
			shellPath = /bin/sh;
			shellScript = "\"${SRCROOT}/Pods/Target Support Files/Pods-GifDemo/Pods-GifDemo-resources.sh\"\n";
			showEnvVarsInLog = 0;
		};
/* End PBXShellScriptBuildPhase section */

/* Begin PBXSourcesBuildPhase section */
		07CF36431FDE6CFE002774B1 /* Sources */ = {
			isa = PBXSourcesBuildPhase;
			buildActionMask = 2147483647;
			files = (
				0701F4BE1FDF77B60093DD99 /* CDTabBarConfig.m in Sources */,
				0701F4B81FDF75E70093DD99 /* CDTabBar.m in Sources */,
				0701F4BB1FDF77930093DD99 /* CDTabBarController.m in Sources */,
				0701F4B51FDF71EA0093DD99 /* CDTabBarItem.m in Sources */,
				07CF364F1FDE6CFE002774B1 /* ViewController.m in Sources */,
				07CF365A1FDE6CFE002774B1 /* main.m in Sources */,
				07CF364C1FDE6CFE002774B1 /* AppDelegate.m in Sources */,
			);
			runOnlyForDeploymentPostprocessing = 0;
		};
/* End PBXSourcesBuildPhase section */

/* Begin PBXVariantGroup section */
		07CF36501FDE6CFE002774B1 /* Main.storyboard */ = {
			isa = PBXVariantGroup;
			children = (
				07CF36511FDE6CFE002774B1 /* Base */,
			);
			name = Main.storyboard;
			sourceTree = "<group>";
		};
		07CF36551FDE6CFE002774B1 /* LaunchScreen.storyboard */ = {
			isa = PBXVariantGroup;
			children = (
				07CF36561FDE6CFE002774B1 /* Base */,
			);
			name = LaunchScreen.storyboard;
			sourceTree = "<group>";
		};
/* End PBXVariantGroup section */

/* Begin XCBuildConfiguration section */
		07CF365B1FDE6CFE002774B1 /* Debug */ = {
			isa = XCBuildConfiguration;
			buildSettings = {
				ALWAYS_SEARCH_USER_PATHS = NO;
				CLANG_ANALYZER_NONNULL = YES;
				CLANG_ANALYZER_NUMBER_OBJECT_CONVERSION = YES_AGGRESSIVE;
				CLANG_CXX_LANGUAGE_STANDARD = "gnu++14";
				CLANG_CXX_LIBRARY = "libc++";
				CLANG_ENABLE_MODULES = YES;
				CLANG_ENABLE_OBJC_ARC = YES;
				CLANG_WARN_BLOCK_CAPTURE_AUTORELEASING = YES;
				CLANG_WARN_BOOL_CONVERSION = YES;
				CLANG_WARN_COMMA = YES;
				CLANG_WARN_CONSTANT_CONVERSION = YES;
				CLANG_WARN_DIRECT_OBJC_ISA_USAGE = YES_ERROR;
				CLANG_WARN_DOCUMENTATION_COMMENTS = YES;
				CLANG_WARN_EMPTY_BODY = YES;
				CLANG_WARN_ENUM_CONVERSION = YES;
				CLANG_WARN_INFINITE_RECURSION = YES;
				CLANG_WARN_INT_CONVERSION = YES;
				CLANG_WARN_NON_LITERAL_NULL_CONVERSION = YES;
				CLANG_WARN_OBJC_LITERAL_CONVERSION = YES;
				CLANG_WARN_OBJC_ROOT_CLASS = YES_ERROR;
				CLANG_WARN_RANGE_LOOP_ANALYSIS = YES;
				CLANG_WARN_STRICT_PROTOTYPES = YES;
				CLANG_WARN_SUSPICIOUS_MOVE = YES;
				CLANG_WARN_UNGUARDED_AVAILABILITY = YES_AGGRESSIVE;
				CLANG_WARN_UNREACHABLE_CODE = YES;
				CLANG_WARN__DUPLICATE_METHOD_MATCH = YES;
				CODE_SIGN_IDENTITY = "iPhone Developer";
				COPY_PHASE_STRIP = NO;
				DEBUG_INFORMATION_FORMAT = dwarf;
				ENABLE_STRICT_OBJC_MSGSEND = YES;
				ENABLE_TESTABILITY = YES;
				GCC_C_LANGUAGE_STANDARD = gnu11;
				GCC_DYNAMIC_NO_PIC = NO;
				GCC_NO_COMMON_BLOCKS = YES;
				GCC_OPTIMIZATION_LEVEL = 0;
				GCC_PREPROCESSOR_DEFINITIONS = (
					"DEBUG=1",
					"$(inherited)",
				);
				GCC_WARN_64_TO_32_BIT_CONVERSION = YES;
				GCC_WARN_ABOUT_RETURN_TYPE = YES_ERROR;
				GCC_WARN_UNDECLARED_SELECTOR = YES;
				GCC_WARN_UNINITIALIZED_AUTOS = YES_AGGRESSIVE;
				GCC_WARN_UNUSED_FUNCTION = YES;
				GCC_WARN_UNUSED_VARIABLE = YES;
				IPHONEOS_DEPLOYMENT_TARGET = 11.1;
				MTL_ENABLE_DEBUG_INFO = YES;
				ONLY_ACTIVE_ARCH = YES;
				SDKROOT = iphoneos;
			};
			name = Debug;
		};
		07CF365C1FDE6CFE002774B1 /* Release */ = {
			isa = XCBuildConfiguration;
			buildSettings = {
				ALWAYS_SEARCH_USER_PATHS = NO;
				CLANG_ANALYZER_NONNULL = YES;
				CLANG_ANALYZER_NUMBER_OBJECT_CONVERSION = YES_AGGRESSIVE;
				CLANG_CXX_LANGUAGE_STANDARD = "gnu++14";
				CLANG_CXX_LIBRARY = "libc++";
				CLANG_ENABLE_MODULES = YES;
				CLANG_ENABLE_OBJC_ARC = YES;
				CLANG_WARN_BLOCK_CAPTURE_AUTORELEASING = YES;
				CLANG_WARN_BOOL_CONVERSION = YES;
				CLANG_WARN_COMMA = YES;
				CLANG_WARN_CONSTANT_CONVERSION = YES;
				CLANG_WARN_DIRECT_OBJC_ISA_USAGE = YES_ERROR;
				CLANG_WARN_DOCUMENTATION_COMMENTS = YES;
				CLANG_WARN_EMPTY_BODY = YES;
				CLANG_WARN_ENUM_CONVERSION = YES;
				CLANG_WARN_INFINITE_RECURSION = YES;
				CLANG_WARN_INT_CONVERSION = YES;
				CLANG_WARN_NON_LITERAL_NULL_CONVERSION = YES;
				CLANG_WARN_OBJC_LITERAL_CONVERSION = YES;
				CLANG_WARN_OBJC_ROOT_CLASS = YES_ERROR;
				CLANG_WARN_RANGE_LOOP_ANALYSIS = YES;
				CLANG_WARN_STRICT_PROTOTYPES = YES;
				CLANG_WARN_SUSPICIOUS_MOVE = YES;
				CLANG_WARN_UNGUARDED_AVAILABILITY = YES_AGGRESSIVE;
				CLANG_WARN_UNREACHABLE_CODE = YES;
				CLANG_WARN__DUPLICATE_METHOD_MATCH = YES;
				CODE_SIGN_IDENTITY = "iPhone Developer";
				COPY_PHASE_STRIP = NO;
				DEBUG_INFORMATION_FORMAT = "dwarf-with-dsym";
				ENABLE_NS_ASSERTIONS = NO;
				ENABLE_STRICT_OBJC_MSGSEND = YES;
				GCC_C_LANGUAGE_STANDARD = gnu11;
				GCC_NO_COMMON_BLOCKS = YES;
				GCC_WARN_64_TO_32_BIT_CONVERSION = YES;
				GCC_WARN_ABOUT_RETURN_TYPE = YES_ERROR;
				GCC_WARN_UNDECLARED_SELECTOR = YES;
				GCC_WARN_UNINITIALIZED_AUTOS = YES_AGGRESSIVE;
				GCC_WARN_UNUSED_FUNCTION = YES;
				GCC_WARN_UNUSED_VARIABLE = YES;
				IPHONEOS_DEPLOYMENT_TARGET = 11.1;
				MTL_ENABLE_DEBUG_INFO = NO;
				SDKROOT = iphoneos;
				VALIDATE_PRODUCT = YES;
			};
			name = Release;
		};
		07CF365E1FDE6CFE002774B1 /* Debug */ = {
			isa = XCBuildConfiguration;
			baseConfigurationReference = 598C5D51A3AFEA3610B13CBE /* Pods-GifDemo.debug.xcconfig */;
			buildSettings = {
				ASSETCATALOG_COMPILER_APPICON_NAME = AppIcon;
				CODE_SIGN_STYLE = Automatic;
				DEVELOPMENT_TEAM = Z387KK44K3;
				INFOPLIST_FILE = GifDemo/Info.plist;
				LD_RUNPATH_SEARCH_PATHS = "$(inherited) @executable_path/Frameworks";
				PRODUCT_BUNDLE_IDENTIFIER = com.ecomo.GifDemo;
				PRODUCT_NAME = "$(TARGET_NAME)";
				TARGETED_DEVICE_FAMILY = "1,2";
			};
			name = Debug;
		};
		07CF365F1FDE6CFE002774B1 /* Release */ = {
			isa = XCBuildConfiguration;
			baseConfigurationReference = BE74AA58639651A05419D205 /* Pods-GifDemo.release.xcconfig */;
			buildSettings = {
				ASSETCATALOG_COMPILER_APPICON_NAME = AppIcon;
				CODE_SIGN_STYLE = Automatic;
				DEVELOPMENT_TEAM = Z387KK44K3;
				INFOPLIST_FILE = GifDemo/Info.plist;
				LD_RUNPATH_SEARCH_PATHS = "$(inherited) @executable_path/Frameworks";
				PRODUCT_BUNDLE_IDENTIFIER = com.ecomo.GifDemo;
				PRODUCT_NAME = "$(TARGET_NAME)";
				TARGETED_DEVICE_FAMILY = "1,2";
			};
			name = Release;
		};
/* End XCBuildConfiguration section */

/* Begin XCConfigurationList section */
		07CF36421FDE6CFE002774B1 /* Build configuration list for PBXProject "GifDemo" */ = {
			isa = XCConfigurationList;
			buildConfigurations = (
				07CF365B1FDE6CFE002774B1 /* Debug */,
				07CF365C1FDE6CFE002774B1 /* Release */,
			);
			defaultConfigurationIsVisible = 0;
			defaultConfigurationName = Release;
		};
		07CF365D1FDE6CFE002774B1 /* Build configuration list for PBXNativeTarget "GifDemo" */ = {
			isa = XCConfigurationList;
			buildConfigurations = (
				07CF365E1FDE6CFE002774B1 /* Debug */,
				07CF365F1FDE6CFE002774B1 /* Release */,
			);
			defaultConfigurationIsVisible = 0;
			defaultConfigurationName = Release;
		};
/* End XCConfigurationList section */
	};
	rootObject = 07CF363F1FDE6CFE002774B1 /* Project object */;
}
